
Microsoft Visual Studio Solution File, Format Version 12.00
# Visual Studio Version 17
VisualStudioVersion = 17.9.34607.119
MinimumVisualStudioVersion = 10.0.40219.1
Project("{FAE04EC0-301F-11D3-BF4B-00C04F79EFBC}") = "AI.LocalClient.GettingStarted", "AI.LocalClient.GettingStarted.csproj", "{232539EE-A28D-4D73-B065-EFF01DD449FC}"
EndProject
Global
	GlobalSection(SolutionConfigurationPlatforms) = preSolution
		Debug|Any CPU = Debug|Any CPU
		Release|Any CPU = Release|Any CPU
	EndGlobalSection
	GlobalSection(ProjectConfigurationPlatforms) = postSolution
		{232539EE-A28D-4D73-B065-EFF01DD449FC}.Debug|Any CPU.ActiveCfg = Debug|Any CPU
		{232539EE-A28D-4D73-B065-EFF01DD449FC}.Debug|Any CPU.Build.0 = Debug|Any CPU
		{232539EE-A28D-4D73-B065-EFF01DD449FC}.Release|Any CPU.ActiveCfg = Release|Any CPU
		{232539EE-A28D-4D73-B065-EFF01DD449FC}.Release|Any CPU.Build.0 = Release|Any CPU
	EndGlobalSection
	GlobalSection(SolutionProperties) = preSolution
		HideSolutionNode = FALSE
	EndGlobalSection
	GlobalSection(ExtensibilityGlobals) = postSolution
		SolutionGuid = {C969B9CE-560B-496B-A270-EEC2448A2162}
	EndGlobalSection
EndGlobal
